# This file is generated by running "yarn install" inside your project.
# Manual changes might be lost - proceed with caution!

__metadata:
  version: 4
  cacheKey: 8

"cross-spawn@npm:^7.0.3":
  version: 7.0.3
  resolution: "cross-spawn@npm:7.0.3"
  dependencies:
    path-key: ^3.1.0
    shebang-command: ^2.0.0
    which: ^2.0.1
  checksum: 671cc7c7288c3a8406f3c69a3ae2fc85555c04169e9d611def9a675635472614f1c0ed0ef80955d5b6d4e724f6ced67f0ad1bb006c2ea643488fcfef994d7f52
  languageName: node
  linkType: hard

"degit@npm:^2.8.4":
  version: 2.8.4
  resolution: "degit@npm:2.8.4"
  bin:
    degit: degit
  checksum: bb58c48ff1ae3828825d7e614db703afd69905abc2d666009bb4affecb8d87be993511556395889dffc99a5eba7a058117402050c509a6e2c3dd56a579120236
  languageName: node
  linkType: hard

"docus@npm:1.0.6":
  version: 1.0.6
  resolution: "docus@npm:1.0.6"
  dependencies:
    degit: ^2.8.4
    execa: ^5.1.1
    kolorist: ^1.5.0
    minimist: ^1.2.5
    prompts: ^2.4.1
  bin:
    create-docus: dist/create-docus/create-docus.js
  checksum: ad1b2d87cd253a47f3a4b8fc5455233af9a3284d7b3b73d55acdbc29b3b05732c7d689961a6770c6cf12c9c9bf5db440426f98a55ca6098918eb34fd0bd158cb
  languageName: node
  linkType: hard

"execa@npm:^5.1.1":
  version: 5.1.1
  resolution: "execa@npm:5.1.1"
  dependencies:
    cross-spawn: ^7.0.3
    get-stream: ^6.0.0
    human-signals: ^2.1.0
    is-stream: ^2.0.0
    merge-stream: ^2.0.0
    npm-run-path: ^4.0.1
    onetime: ^5.1.2
    signal-exit: ^3.0.3
    strip-final-newline: ^2.0.0
  checksum: fba9022c8c8c15ed862847e94c252b3d946036d7547af310e344a527e59021fd8b6bb0723883ea87044dc4f0201f949046993124a42ccb0855cae5bf8c786343
  languageName: node
  linkType: hard

"get-stream@npm:^6.0.0":
  version: 6.0.1
  resolution: "get-stream@npm:6.0.1"
  checksum: e04ecece32c92eebf5b8c940f51468cd53554dcbb0ea725b2748be583c9523d00128137966afce410b9b051eb2ef16d657cd2b120ca8edafcf5a65e81af63cad
  languageName: node
  linkType: hard

"human-signals@npm:^2.1.0":
  version: 2.1.0
  resolution: "human-signals@npm:2.1.0"
  checksum: b87fd89fce72391625271454e70f67fe405277415b48bcc0117ca73d31fa23a4241787afdc8d67f5a116cf37258c052f59ea82daffa72364d61351423848e3b8
  languageName: node
  linkType: hard

"is-stream@npm:^2.0.0":
  version: 2.0.0
  resolution: "is-stream@npm:2.0.0"
  checksum: 4dc47738e26bc4f1b3be9070b6b9e39631144f204fc6f87db56961220add87c10a999ba26cf81699f9ef9610426f69cb08a4713feff8deb7d8cadac907826935
  languageName: node
  linkType: hard

"isexe@npm:^2.0.0":
  version: 2.0.0
  resolution: "isexe@npm:2.0.0"
  checksum: 26bf6c5480dda5161c820c5b5c751ae1e766c587b1f951ea3fcfc973bafb7831ae5b54a31a69bd670220e42e99ec154475025a468eae58ea262f813fdc8d1c62
  languageName: node
  linkType: hard

"kleur@npm:^3.0.3":
  version: 3.0.3
  resolution: "kleur@npm:3.0.3"
  checksum: df82cd1e172f957bae9c536286265a5cdbd5eeca487cb0a3b2a7b41ef959fc61f8e7c0e9aeea9c114ccf2c166b6a8dd45a46fd619c1c569d210ecd2765ad5169
  languageName: node
  linkType: hard

"kolorist@npm:^1.5.0":
  version: 1.5.0
  resolution: "kolorist@npm:1.5.0"
  checksum: 1eb27470f7468e2591ed60c19a292e7a3cf4f4e211ad2c14aa33c98ee6d2c8e88444c03e98fb5cb5d4ddcb8da431529599c2f187b806b019411fd7c6812c4c74
  languageName: node
  linkType: hard

"merge-stream@npm:^2.0.0":
  version: 2.0.0
  resolution: "merge-stream@npm:2.0.0"
  checksum: 6fa4dcc8d86629705cea944a4b88ef4cb0e07656ebf223fa287443256414283dd25d91c1cd84c77987f2aec5927af1a9db6085757cb43d90eb170ebf4b47f4f4
  languageName: node
  linkType: hard

"mimic-fn@npm:^2.1.0":
  version: 2.1.0
  resolution: "mimic-fn@npm:2.1.0"
  checksum: d2421a3444848ce7f84bd49115ddacff29c15745db73f54041edc906c14b131a38d05298dae3081667627a59b2eb1ca4b436ff2e1b80f69679522410418b478a
  languageName: node
  linkType: hard

"minimist@npm:^1.2.5":
  version: 1.2.5
  resolution: "minimist@npm:1.2.5"
  checksum: 86706ce5b36c16bfc35c5fe3dbb01d5acdc9a22f2b6cc810b6680656a1d2c0e44a0159c9a3ba51fb072bb5c203e49e10b51dcd0eec39c481f4c42086719bae52
  languageName: node
  linkType: hard

"npm-run-path@npm:^4.0.1":
  version: 4.0.1
  resolution: "npm-run-path@npm:4.0.1"
  dependencies:
    path-key: ^3.0.0
  checksum: 5374c0cea4b0bbfdfae62da7bbdf1e1558d338335f4cacf2515c282ff358ff27b2ecb91ffa5330a8b14390ac66a1e146e10700440c1ab868208430f56b5f4d23
  languageName: node
  linkType: hard

"onetime@npm:^5.1.2":
  version: 5.1.2
  resolution: "onetime@npm:5.1.2"
  dependencies:
    mimic-fn: ^2.1.0
  checksum: 2478859ef817fc5d4e9c2f9e5728512ddd1dbc9fb7829ad263765bb6d3b91ce699d6e2332eef6b7dff183c2f490bd3349f1666427eaba4469fba0ac38dfd0d34
  languageName: node
  linkType: hard

"path-key@npm:^3.0.0, path-key@npm:^3.1.0":
  version: 3.1.1
  resolution: "path-key@npm:3.1.1"
  checksum: 55cd7a9dd4b343412a8386a743f9c746ef196e57c823d90ca3ab917f90ab9f13dd0ded27252ba49dbdfcab2b091d998bc446f6220cd3cea65db407502a740020
  languageName: node
  linkType: hard

"prompts@npm:^2.4.1":
  version: 2.4.1
  resolution: "prompts@npm:2.4.1"
  dependencies:
    kleur: ^3.0.3
    sisteransi: ^1.0.5
  checksum: 05bf4865870665067b14fc54ced6c96e353f58f57658351e16bb8c12c017402582696fb42d97306b7c98efc0e2cc1ebf27ab573448d5a5da2ac18991cc9e4cad
  languageName: node
  linkType: hard

"root-workspace-0b6124@workspace:.":
  version: 0.0.0-use.local
  resolution: "root-workspace-0b6124@workspace:."
  dependencies:
    docus: 1.0.6
  languageName: unknown
  linkType: soft

"shebang-command@npm:^2.0.0":
  version: 2.0.0
  resolution: "shebang-command@npm:2.0.0"
  dependencies:
    shebang-regex: ^3.0.0
  checksum: 6b52fe87271c12968f6a054e60f6bde5f0f3d2db483a1e5c3e12d657c488a15474121a1d55cd958f6df026a54374ec38a4a963988c213b7570e1d51575cea7fa
  languageName: node
  linkType: hard

"shebang-regex@npm:^3.0.0":
  version: 3.0.0
  resolution: "shebang-regex@npm:3.0.0"
  checksum: 1a2bcae50de99034fcd92ad4212d8e01eedf52c7ec7830eedcf886622804fe36884278f2be8be0ea5fde3fd1c23911643a4e0f726c8685b61871c8908af01222
  languageName: node
  linkType: hard

"signal-exit@npm:^3.0.3":
  version: 3.0.3
  resolution: "signal-exit@npm:3.0.3"
  checksum: f0169d3f1263d06df32ca072b0bf33b34c6f8f0341a7a1621558a2444dfbe8f5fec76b35537fcc6f0bc4944bdb5336fe0bdcf41a5422c4e45a1dba3f45475e6c
  languageName: node
  linkType: hard

"sisteransi@npm:^1.0.5":
  version: 1.0.5
  resolution: "sisteransi@npm:1.0.5"
  checksum: aba6438f46d2bfcef94cf112c835ab395172c75f67453fe05c340c770d3c402363018ae1ab4172a1026a90c47eaccf3af7b6ff6fa749a680c2929bd7fa2b37a4
  languageName: node
  linkType: hard

"strip-final-newline@npm:^2.0.0":
  version: 2.0.0
  resolution: "strip-final-newline@npm:2.0.0"
  checksum: 69412b5e25731e1938184b5d489c32e340605bb611d6140344abc3421b7f3c6f9984b21dff296dfcf056681b82caa3bb4cc996a965ce37bcfad663e92eae9c64
  languageName: node
  linkType: hard

"which@npm:^2.0.1":
  version: 2.0.2
  resolution: "which@npm:2.0.2"
  dependencies:
    isexe: ^2.0.0
  bin:
    node-which: ./bin/node-which
  checksum: 1a5c563d3c1b52d5f893c8b61afe11abc3bab4afac492e8da5bde69d550de701cf9806235f20a47b5c8fa8a1d6a9135841de2596535e998027a54589000e66d1
  languageName: node
  linkType: hard
